
Microsoft Visual Studio Solution File, Format Version 12.00
# Visual Studio 14
VisualStudioVersion = 14.0.25420.1
MinimumVisualStudioVersion = 10.0.40219.1
Project("{F2A71F9B-5D33-465A-A702-920D77279786}") = "Algorithm1.1E", "Algorithm1.1E\Algorithm1.1E.fsproj", "{D1155DBB-C59E-4A93-81B3-C22392D29DD1}"
EndProject
Project("{F2A71F9B-5D33-465A-A702-920D77279786}") = "Algorithm1.2.10M", "Algorithm1.2.10M\Algorithm1.2.10M.fsproj", "{533C9582-7DA2-4761-938F-47913FD0D544}"
EndProject
Global
	GlobalSection(SolutionConfigurationPlatforms) = preSolution
		Debug|Any CPU = Debug|Any CPU
		Release|Any CPU = Release|Any CPU
	EndGlobalSection
	GlobalSection(ProjectConfigurationPlatforms) = postSolution
		{D1155DBB-C59E-4A93-81B3-C22392D29DD1}.Debug|Any CPU.ActiveCfg = Debug|Any CPU
		{D1155DBB-C59E-4A93-81B3-C22392D29DD1}.Debug|Any CPU.Build.0 = Debug|Any CPU
		{D1155DBB-C59E-4A93-81B3-C22392D29DD1}.Release|Any CPU.ActiveCfg = Release|Any CPU
		{D1155DBB-C59E-4A93-81B3-C22392D29DD1}.Release|Any CPU.Build.0 = Release|Any CPU
		{533C9582-7DA2-4761-938F-47913FD0D544}.Debug|Any CPU.ActiveCfg = Debug|Any CPU
		{533C9582-7DA2-4761-938F-47913FD0D544}.Debug|Any CPU.Build.0 = Debug|Any CPU
		{533C9582-7DA2-4761-938F-47913FD0D544}.Release|Any CPU.ActiveCfg = Release|Any CPU
		{533C9582-7DA2-4761-938F-47913FD0D544}.Release|Any CPU.Build.0 = Release|Any CPU
	EndGlobalSection
	GlobalSection(SolutionProperties) = preSolution
		HideSolutionNode = FALSE
	EndGlobalSection
EndGlobal
